
Microsoft Visual Studio Solution File, Format Version 12.00
# Visual Studio Version 16
VisualStudioVersion = 16.0.29519.181
MinimumVisualStudioVersion = 10.0.40219.1
Project("{FAE04EC0-301F-11D3-BF4B-00C04F79EFBC}") = "Project-WPL", "Project-WPL\Project-WPL.csproj", "{7E005B0E-932D-4389-8CE0-C114C20B6E29}"
EndProject
Global
	GlobalSection(SolutionConfigurationPlatforms) = preSolution
		Debug|Any CPU = Debug|Any CPU
		Release|Any CPU = Release|Any CPU
	EndGlobalSection
	GlobalSection(ProjectConfigurationPlatforms) = postSolution
		{7E005B0E-932D-4389-8CE0-C114C20B6E29}.Debug|Any CPU.ActiveCfg = Debug|Any CPU
		{7E005B0E-932D-4389-8CE0-C114C20B6E29}.Debug|Any CPU.Build.0 = Debug|Any CPU
		{7E005B0E-932D-4389-8CE0-C114C20B6E29}.Release|Any CPU.ActiveCfg = Release|Any CPU
		{7E005B0E-932D-4389-8CE0-C114C20B6E29}.Release|Any CPU.Build.0 = Release|Any CPU
	EndGlobalSection
	GlobalSection(SolutionProperties) = preSolution
		HideSolutionNode = FALSE
	EndGlobalSection
	GlobalSection(ExtensibilityGlobals) = postSolution
		SolutionGuid = {4F271083-1A48-4A1B-A3E9-C90172158853}
	EndGlobalSection
EndGlobal
